// !$*UTF8*$!
{
	archiveVersion = 1;
	classes = {
	};
	objectVersion = 46;
	objects = {

/* Begin PBXBuildFile section */
		9E5F1CCA1E680B29004C4AE0 /* main.m in Sources */ = {isa = PBXBuildFile; fileRef = 9E5F1CC91E680B29004C4AE0 /* main.m */; };
		9E5F1CCD1E680B29004C4AE0 /* AppDelegate.m in Sources */ = {isa = PBXBuildFile; fileRef = 9E5F1CCC1E680B29004C4AE0 /* AppDelegate.m */; };
		9E5F1CD01E680B29004C4AE0 /* ViewController.m in Sources */ = {isa = PBXBuildFile; fileRef = 9E5F1CCF1E680B29004C4AE0 /* ViewController.m */; };
		9E5F1CD31E680B29004C4AE0 /* Main.storyboard in Resources */ = {isa = PBXBuildFile; fileRef = 9E5F1CD11E680B29004C4AE0 /* Main.storyboard */; };
		9E5F1CD51E680B29004C4AE0 /* Assets.xcassets in Resources */ = {isa = PBXBuildFile; fileRef = 9E5F1CD41E680B29004C4AE0 /* Assets.xcassets */; };
		9E5F1CD81E680B29004C4AE0 /* LaunchScreen.storyboard in Resources */ = {isa = PBXBuildFile; fileRef = 9E5F1CD61E680B29004C4AE0 /* LaunchScreen.storyboard */; };
		9E5F1CE21E680B6E004C4AE0 /* XucgTextField.m in Sources */ = {isa = PBXBuildFile; fileRef = 9E5F1CE11E680B6E004C4AE0 /* XucgTextField.m */; };
/* End PBXBuildFile section */

/* Begin PBXFileReference section */
		9E5F1CC51E680B29004C4AE0 /* XucgTextField.app */ = {isa = PBXFileReference; explicitFileType = wrapper.application; includeInIndex = 0; path = XucgTextField.app; sourceTree = BUILT_PRODUCTS_DIR; };
		9E5F1CC91E680B29004C4AE0 /* main.m */ = {isa = PBXFileReference; lastKnownFileType = sourcecode.c.objc; path = main.m; sourceTree = "<group>"; };
		9E5F1CCB1E680B29004C4AE0 /* AppDelegate.h */ = {isa = PBXFileReference; lastKnownFileType = sourcecode.c.h; path = AppDelegate.h; sourceTree = "<group>"; };
		9E5F1CCC1E680B29004C4AE0 /* AppDelegate.m */ = {isa = PBXFileReference; lastKnownFileType = sourcecode.c.objc; path = AppDelegate.m; sourceTree = "<group>"; };
		9E5F1CCE1E680B29004C4AE0 /* ViewController.h */ = {isa = PBXFileReference; lastKnownFileType = sourcecode.c.h; path = ViewController.h; sourceTree = "<group>"; };
		9E5F1CCF1E680B29004C4AE0 /* ViewController.m */ = {isa = PBXFileReference; lastKnownFileType = sourcecode.c.objc; path = ViewController.m; sourceTree = "<group>"; };
		9E5F1CD21E680B29004C4AE0 /* Base */ = {isa = PBXFileReference; lastKnownFileType = file.storyboard; name = Base; path = Base.lproj/Main.storyboard; sourceTree = "<group>"; };
		9E5F1CD41E680B29004C4AE0 /* Assets.xcassets */ = {isa = PBXFileReference; lastKnownFileType = folder.assetcatalog; path = Assets.xcassets; sourceTree = "<group>"; };
		9E5F1CD71E680B29004C4AE0 /* Base */ = {isa = PBXFileReference; lastKnownFileType = file.storyboard; name = Base; path = Base.lproj/LaunchScreen.storyboard; sourceTree = "<group>"; };
		9E5F1CD91E680B29004C4AE0 /* Info.plist */ = {isa = PBXFileReference; lastKnownFileType = text.plist.xml; path = Info.plist; sourceTree = "<group>"; };
		9E5F1CE01E680B6E004C4AE0 /* XucgTextField.h */ = {isa = PBXFileReference; fileEncoding = 4; lastKnownFileType = sourcecode.c.h; path = XucgTextField.h; sourceTree = "<group>"; };
		9E5F1CE11E680B6E004C4AE0 /* XucgTextField.m */ = {isa = PBXFileReference; fileEncoding = 4; lastKnownFileType = sourcecode.c.objc; path = XucgTextField.m; sourceTree = "<group>"; };
/* End PBXFileReference section */

/* Begin PBXFrameworksBuildPhase section */
		9E5F1CC21E680B29004C4AE0 /* Frameworks */ = {
			isa = PBXFrameworksBuildPhase;
			buildActionMask = 2147483647;
			files = (
			);
			runOnlyForDeploymentPostprocessing = 0;
		};
/* End PBXFrameworksBuildPhase section */

/* Begin PBXGroup section */
		9E5F1CBC1E680B29004C4AE0 = {
			isa = PBXGroup;
			children = (
				9E5F1CC71E680B29004C4AE0 /* XucgTextField */,
				9E5F1CC61E680B29004C4AE0 /* Products */,
			);
			sourceTree = "<group>";
		};
		9E5F1CC61E680B29004C4AE0 /* Products */ = {
			isa = PBXGroup;
			children = (
				9E5F1CC51E680B29004C4AE0 /* XucgTextField.app */,
			);
			name = Products;
			sourceTree = "<group>";
		};
		9E5F1CC71E680B29004C4AE0 /* XucgTextField */ = {
			isa = PBXGroup;
			children = (
				9E5F1CDF1E680B6E004C4AE0 /* XucgTextField */,
				9E5F1CCB1E680B29004C4AE0 /* AppDelegate.h */,
				9E5F1CCC1E680B29004C4AE0 /* AppDelegate.m */,
				9E5F1CCE1E680B29004C4AE0 /* ViewController.h */,
				9E5F1CCF1E680B29004C4AE0 /* ViewController.m */,
				9E5F1CD11E680B29004C4AE0 /* Main.storyboard */,
				9E5F1CD41E680B29004C4AE0 /* Assets.xcassets */,
				9E5F1CD61E680B29004C4AE0 /* LaunchScreen.storyboard */,
				9E5F1CD91E680B29004C4AE0 /* Info.plist */,
				9E5F1CC81E680B29004C4AE0 /* Supporting Files */,
			);
			path = XucgTextField;
			sourceTree = "<group>";
		};
		9E5F1CC81E680B29004C4AE0 /* Supporting Files */ = {
			isa = PBXGroup;
			children = (
				9E5F1CC91E680B29004C4AE0 /* main.m */,
			);
			name = "Supporting Files";
			sourceTree = "<group>";
		};
		9E5F1CDF1E680B6E004C4AE0 /* XucgTextField */ = {
			isa = PBXGroup;
			children = (
				9E5F1CE01E680B6E004C4AE0 /* XucgTextField.h */,
				9E5F1CE11E680B6E004C4AE0 /* XucgTextField.m */,
			);
			path = XucgTextField;
			sourceTree = "<group>";
		};
/* End PBXGroup section */

/* Begin PBXNativeTarget section */
		9E5F1CC41E680B29004C4AE0 /* XucgTextField */ = {
			isa = PBXNativeTarget;
			buildConfigurationList = 9E5F1CDC1E680B29004C4AE0 /* Build configuration list for PBXNativeTarget "XucgTextField" */;
			buildPhases = (
				9E5F1CC11E680B29004C4AE0 /* Sources */,
				9E5F1CC21E680B29004C4AE0 /* Frameworks */,
				9E5F1CC31E680B29004C4AE0 /* Resources */,
			);
			buildRules = (
			);
			dependencies = (
			);
			name = XucgTextField;
			productName = XucgTextField;
			productReference = 9E5F1CC51E680B29004C4AE0 /* XucgTextField.app */;
			productType = "com.apple.product-type.application";
		};
/* End PBXNativeTarget section */

/* Begin PBXProject section */
		9E5F1CBD1E680B29004C4AE0 /* Project object */ = {
			isa = PBXProject;
			attributes = {
				LastUpgradeCheck = 0820;
				ORGANIZATIONNAME = xucg;
				TargetAttributes = {
					9E5F1CC41E680B29004C4AE0 = {
						CreatedOnToolsVersion = 8.2.1;
						ProvisioningStyle = Manual;
					};
				};
			};
			buildConfigurationList = 9E5F1CC01E680B29004C4AE0 /* Build configuration list for PBXProject "XucgTextField" */;
			compatibilityVersion = "Xcode 3.2";
			developmentRegion = English;
			hasScannedForEncodings = 0;
			knownRegions = (
				en,
				Base,
			);
			mainGroup = 9E5F1CBC1E680B29004C4AE0;
			productRefGroup = 9E5F1CC61E680B29004C4AE0 /* Products */;
			projectDirPath = "";
			projectRoot = "";
			targets = (
				9E5F1CC41E680B29004C4AE0 /* XucgTextField */,
			);
		};
/* End PBXProject section */

/* Begin PBXResourcesBuildPhase section */
		9E5F1CC31E680B29004C4AE0 /* Resources */ = {
			isa = PBXResourcesBuildPhase;
			buildActionMask = 2147483647;
			files = (
				9E5F1CD81E680B29004C4AE0 /* LaunchScreen.storyboard in Resources */,
				9E5F1CD51E680B29004C4AE0 /* Assets.xcassets in Resources */,
				9E5F1CD31E680B29004C4AE0 /* Main.storyboard in Resources */,
			);
			runOnlyForDeploymentPostprocessing = 0;
		};
/* End PBXResourcesBuildPhase section */

/* Begin PBXSourcesBuildPhase section */
		9E5F1CC11E680B29004C4AE0 /* Sources */ = {
			isa = PBXSourcesBuildPhase;
			buildActionMask = 2147483647;
			files = (
				9E5F1CD01E680B29004C4AE0 /* ViewController.m in Sources */,
				9E5F1CCD1E680B29004C4AE0 /* AppDelegate.m in Sources */,
				9E5F1CE21E680B6E004C4AE0 /* XucgTextField.m in Sources */,
				9E5F1CCA1E680B29004C4AE0 /* main.m in Sources */,
			);
			runOnlyForDeploymentPostprocessing = 0;
		};
/* End PBXSourcesBuildPhase section */

/* Begin PBXVariantGroup section */
		9E5F1CD11E680B29004C4AE0 /* Main.storyboard */ = {
			isa = PBXVariantGroup;
			children = (
				9E5F1CD21E680B29004C4AE0 /* Base */,
			);
			name = Main.storyboard;
			sourceTree = "<group>";
		};
		9E5F1CD61E680B29004C4AE0 /* LaunchScreen.storyboard */ = {
			isa = PBXVariantGroup;
			children = (
				9E5F1CD71E680B29004C4AE0 /* Base */,
			);
			name = LaunchScreen.storyboard;
			sourceTree = "<group>";
		};
/* End PBXVariantGroup section */

/* Begin XCBuildConfiguration section */
		9E5F1CDA1E680B29004C4AE0 /* Debug */ = {
			isa = XCBuildConfiguration;
			buildSettings = {
				ALWAYS_SEARCH_USER_PATHS = NO;
				CLANG_ANALYZER_NONNULL = YES;
				CLANG_CXX_LANGUAGE_STANDARD = "gnu++0x";
				CLANG_CXX_LIBRARY = "libc++";
				CLANG_ENABLE_MODULES = YES;
				CLANG_ENABLE_OBJC_ARC = YES;
				CLANG_WARN_BOOL_CONVERSION = YES;
				CLANG_WARN_CONSTANT_CONVERSION = YES;
				CLANG_WARN_DIRECT_OBJC_ISA_USAGE = YES_ERROR;
				CLANG_WARN_DOCUMENTATION_COMMENTS = YES;
				CLANG_WARN_EMPTY_BODY = YES;
				CLANG_WARN_ENUM_CONVERSION = YES;
				CLANG_WARN_INFINITE_RECURSION = YES;
				CLANG_WARN_INT_CONVERSION = YES;
				CLANG_WARN_OBJC_ROOT_CLASS = YES_ERROR;
				CLANG_WARN_SUSPICIOUS_MOVE = YES;
				CLANG_WARN_UNREACHABLE_CODE = YES;
				CLANG_WARN__DUPLICATE_METHOD_MATCH = YES;
				"CODE_SIGN_IDENTITY[sdk=iphoneos*]" = "iPhone Developer";
				COPY_PHASE_STRIP = NO;
				DEBUG_INFORMATION_FORMAT = dwarf;
				ENABLE_STRICT_OBJC_MSGSEND = YES;
				ENABLE_TESTABILITY = YES;
				GCC_C_LANGUAGE_STANDARD = gnu99;
				GCC_DYNAMIC_NO_PIC = NO;
				GCC_NO_COMMON_BLOCKS = YES;
				GCC_OPTIMIZATION_LEVEL = 0;
				GCC_PREPROCESSOR_DEFINITIONS = (
					"DEBUG=1",
					"$(inherited)",
				);
				GCC_WARN_64_TO_32_BIT_CONVERSION = YES;
				GCC_WARN_ABOUT_RETURN_TYPE = YES_ERROR;
				GCC_WARN_UNDECLARED_SELECTOR = YES;
				GCC_WARN_UNINITIALIZED_AUTOS = YES_AGGRESSIVE;
				GCC_WARN_UNUSED_FUNCTION = YES;
				GCC_WARN_UNUSED_VARIABLE = YES;
				IPHONEOS_DEPLOYMENT_TARGET = 10.2;
				MTL_ENABLE_DEBUG_INFO = YES;
				ONLY_ACTIVE_ARCH = YES;
				SDKROOT = iphoneos;
			};
			name = Debug;
		};
		9E5F1CDB1E680B29004C4AE0 /* Release */ = {
			isa = XCBuildConfiguration;
			buildSettings = {
				ALWAYS_SEARCH_USER_PATHS = NO;
				CLANG_ANALYZER_NONNULL = YES;
				CLANG_CXX_LANGUAGE_STANDARD = "gnu++0x";
				CLANG_CXX_LIBRARY = "libc++";
				CLANG_ENABLE_MODULES = YES;
				CLANG_ENABLE_OBJC_ARC = YES;
				CLANG_WARN_BOOL_CONVERSION = YES;
				CLANG_WARN_CONSTANT_CONVERSION = YES;
				CLANG_WARN_DIRECT_OBJC_ISA_USAGE = YES_ERROR;
				CLANG_WARN_DOCUMENTATION_COMMENTS = YES;
				CLANG_WARN_EMPTY_BODY = YES;
				CLANG_WARN_ENUM_CONVERSION = YES;
				CLANG_WARN_INFINITE_RECURSION = YES;
				CLANG_WARN_INT_CONVERSION = YES;
				CLANG_WARN_OBJC_ROOT_CLASS = YES_ERROR;
				CLANG_WARN_SUSPICIOUS_MOVE = YES;
				CLANG_WARN_UNREACHABLE_CODE = YES;
				CLANG_WARN__DUPLICATE_METHOD_MATCH = YES;
				"CODE_SIGN_IDENTITY[sdk=iphoneos*]" = "iPhone Developer";
				COPY_PHASE_STRIP = NO;
				DEBUG_INFORMATION_FORMAT = "dwarf-with-dsym";
				ENABLE_NS_ASSERTIONS = NO;
				ENABLE_STRICT_OBJC_MSGSEND = YES;
				GCC_C_LANGUAGE_STANDARD = gnu99;
				GCC_NO_COMMON_BLOCKS = YES;
				GCC_WARN_64_TO_32_BIT_CONVERSION = YES;
				GCC_WARN_ABOUT_RETURN_TYPE = YES_ERROR;
				GCC_WARN_UNDECLARED_SELECTOR = YES;
				GCC_WARN_UNINITIALIZED_AUTOS = YES_AGGRESSIVE;
				GCC_WARN_UNUSED_FUNCTION = YES;
				GCC_WARN_UNUSED_VARIABLE = YES;
				IPHONEOS_DEPLOYMENT_TARGET = 10.2;
				MTL_ENABLE_DEBUG_INFO = NO;
				SDKROOT = iphoneos;
				VALIDATE_PRODUCT = YES;
			};
			name = Release;
		};
		9E5F1CDD1E680B29004C4AE0 /* Debug */ = {
			isa = XCBuildConfiguration;
			buildSettings = {
				ASSETCATALOG_COMPILER_APPICON_NAME = AppIcon;
				DEVELOPMENT_TEAM = "";
				INFOPLIST_FILE = XucgTextField/Info.plist;
				LD_RUNPATH_SEARCH_PATHS = "$(inherited) @executable_path/Frameworks";
				PRODUCT_BUNDLE_IDENTIFIER = com.xucg.XucgTextField;
				PRODUCT_NAME = "$(TARGET_NAME)";
			};
			name = Debug;
		};
		9E5F1CDE1E680B29004C4AE0 /* Release */ = {
			isa = XCBuildConfiguration;
			buildSettings = {
				ASSETCATALOG_COMPILER_APPICON_NAME = AppIcon;
				DEVELOPMENT_TEAM = "";
				INFOPLIST_FILE = XucgTextField/Info.plist;
				LD_RUNPATH_SEARCH_PATHS = "$(inherited) @executable_path/Frameworks";
				PRODUCT_BUNDLE_IDENTIFIER = com.xucg.XucgTextField;
				PRODUCT_NAME = "$(TARGET_NAME)";
			};
			name = Release;
		};
/* End XCBuildConfiguration section */

/* Begin XCConfigurationList section */
		9E5F1CC01E680B29004C4AE0 /* Build configuration list for PBXProject "XucgTextField" */ = {
			isa = XCConfigurationList;
			buildConfigurations = (
				9E5F1CDA1E680B29004C4AE0 /* Debug */,
				9E5F1CDB1E680B29004C4AE0 /* Release */,
			);
			defaultConfigurationIsVisible = 0;
			defaultConfigurationName = Release;
		};
		9E5F1CDC1E680B29004C4AE0 /* Build configuration list for PBXNativeTarget "XucgTextField" */ = {
			isa = XCConfigurationList;
			buildConfigurations = (
				9E5F1CDD1E680B29004C4AE0 /* Debug */,
				9E5F1CDE1E680B29004C4AE0 /* Release */,
			);
			defaultConfigurationIsVisible = 0;
			defaultConfigurationName = Release;
		};
/* End XCConfigurationList section */
	};
	rootObject = 9E5F1CBD1E680B29004C4AE0 /* Project object */;
}
